
Microsoft Visual Studio Solution File, Format Version 12.00
# Visual Studio Version 18
VisualStudioVersion = 18.0.11222.15
MinimumVisualStudioVersion = 10.0.40219.1
Project("{9A19103F-16F7-4668-BE54-9A1E7A4F7556}") = "FatesPathLib", "FatesPathLib\FatesPathLib.csproj", "{FDF42F75-01E3-43BF-BDFE-E41A9EBDD7D6}"
EndProject
Project("{9A19103F-16F7-4668-BE54-9A1E7A4F7556}") = "DiscordBot", "DiscordBot\DiscordBot.csproj", "{DADFAC3B-87B4-48E5-B9CD-DD05C30A3A75}"
EndProject
Project("{2150E333-8FDC-42A3-9474-1A3956D46DE8}") = "Solution Items", "Solution Items", "{78D081F9-172E-4B57-8338-1390661FCA1D}"
	ProjectSection(SolutionItems) = preProject
		.editorconfig = .editorconfig
	EndProjectSection
EndProject
Project("{FAE04EC0-301F-11D3-BF4B-00C04F79EFBC}") = "AppConfigLib", "..\MicroProjects\AppConfigLib\AppConfigLib.csproj", "{8F5C24FE-B23E-EF72-79BA-10F497AF1896}"
EndProject
Global
	GlobalSection(SolutionConfigurationPlatforms) = preSolution
		Debug|Any CPU = Debug|Any CPU
		Release|Any CPU = Release|Any CPU
	EndGlobalSection
	GlobalSection(ProjectConfigurationPlatforms) = postSolution
		{FDF42F75-01E3-43BF-BDFE-E41A9EBDD7D6}.Debug|Any CPU.ActiveCfg = Debug|Any CPU
		{FDF42F75-01E3-43BF-BDFE-E41A9EBDD7D6}.Debug|Any CPU.Build.0 = Debug|Any CPU
		{FDF42F75-01E3-43BF-BDFE-E41A9EBDD7D6}.Release|Any CPU.ActiveCfg = Release|Any CPU
		{FDF42F75-01E3-43BF-BDFE-E41A9EBDD7D6}.Release|Any CPU.Build.0 = Release|Any CPU
		{DADFAC3B-87B4-48E5-B9CD-DD05C30A3A75}.Debug|Any CPU.ActiveCfg = Debug|Any CPU
		{DADFAC3B-87B4-48E5-B9CD-DD05C30A3A75}.Debug|Any CPU.Build.0 = Debug|Any CPU
		{DADFAC3B-87B4-48E5-B9CD-DD05C30A3A75}.Release|Any CPU.ActiveCfg = Release|Any CPU
		{DADFAC3B-87B4-48E5-B9CD-DD05C30A3A75}.Release|Any CPU.Build.0 = Release|Any CPU
		{8F5C24FE-B23E-EF72-79BA-10F497AF1896}.Debug|Any CPU.ActiveCfg = Debug|Any CPU
		{8F5C24FE-B23E-EF72-79BA-10F497AF1896}.Debug|Any CPU.Build.0 = Debug|Any CPU
		{8F5C24FE-B23E-EF72-79BA-10F497AF1896}.Release|Any CPU.ActiveCfg = Release|Any CPU
		{8F5C24FE-B23E-EF72-79BA-10F497AF1896}.Release|Any CPU.Build.0 = Release|Any CPU
	EndGlobalSection
	GlobalSection(SolutionProperties) = preSolution
		HideSolutionNode = FALSE
	EndGlobalSection
	GlobalSection(ExtensibilityGlobals) = postSolution
		SolutionGuid = {0E73B20F-E29E-4AD8-AB16-468532BB7DEA}
	EndGlobalSection
EndGlobal
