Microsoft Visual Studio Solution File, Format Version 12.00
# Visual Studio Version 17
VisualStudioVersion = 17.5.2.0
MinimumVisualStudioVersion = 10.0.40219.1
Project("{FAE04EC0-301F-11D3-BF4B-00C04F79EFBC}") = "DiscordBot", "DiscordBot.csproj", "{2225216D-7812-2AFA-B270-18F0F089D927}"
EndProject
Global
	GlobalSection(SolutionConfigurationPlatforms) = preSolution
		Debug|Any CPU = Debug|Any CPU
		Release|Any CPU = Release|Any CPU
	EndGlobalSection
	GlobalSection(ProjectConfigurationPlatforms) = postSolution
		{2225216D-7812-2AFA-B270-18F0F089D927}.Debug|Any CPU.ActiveCfg = Debug|Any CPU
		{2225216D-7812-2AFA-B270-18F0F089D927}.Debug|Any CPU.Build.0 = Debug|Any CPU
		{2225216D-7812-2AFA-B270-18F0F089D927}.Release|Any CPU.ActiveCfg = Release|Any CPU
		{2225216D-7812-2AFA-B270-18F0F089D927}.Release|Any CPU.Build.0 = Release|Any CPU
	EndGlobalSection
	GlobalSection(SolutionProperties) = preSolution
		HideSolutionNode = FALSE
	EndGlobalSection
	GlobalSection(ExtensibilityGlobals) = postSolution
		SolutionGuid = {496FA0B1-6DEF-4684-AFD5-D446CCCCF3F2}
	EndGlobalSection
EndGlobal
